
Microsoft Visual Studio Solution File, Format Version 12.00
Project("{FAE04EC0-301F-11D3-BF4B-00C04F79EFBC}") = "OneWare.Core", "src\OneWare.Core\OneWare.Core.csproj", "{142377AB-78D8-429E-8403-C89CC8988C09}"
EndProject
Project("{2150E333-8FDC-42A3-9474-1A3956D46DE8}") = "build", "build", "{3782EFDF-2990-4B2C-907F-12739A839A3C}"
EndProject
Project("{2150E333-8FDC-42A3-9474-1A3956D46DE8}") = "Submodules", "Submodules", "{B99724E4-1AA2-46D9-B982-6A3B381C5258}"
EndProject
Project("{2150E333-8FDC-42A3-9474-1A3956D46DE8}") = "Coremodules", "Coremodules", "{0761690C-7DA0-4554-9F6B-211088412DCD}"
EndProject
Project("{FAE04EC0-301F-11D3-BF4B-00C04F79EFBC}") = "OneWare.ErrorList", "src\OneWare.ErrorList\OneWare.ErrorList.csproj", "{F08B36E8-AB80-42CD-BD47-6B05E96DA390}"
EndProject
Project("{FAE04EC0-301F-11D3-BF4B-00C04F79EFBC}") = "OneWare.Output", "src\OneWare.Output\OneWare.Output.csproj", "{12BBB9B2-9CCC-44D2-9A0B-C1634C57C709}"
EndProject
Project("{FAE04EC0-301F-11D3-BF4B-00C04F79EFBC}") = "OneWare.ProjectExplorer", "src\OneWare.ProjectExplorer\OneWare.ProjectExplorer.csproj", "{BC09D83D-9EE5-499F-BF2F-E811D2E1028D}"
EndProject
Project("{FAE04EC0-301F-11D3-BF4B-00C04F79EFBC}") = "OneWare.SearchList", "src\OneWare.SearchList\OneWare.SearchList.csproj", "{F40DC391-3EB3-43C9-9645-3E9509F85E8B}"
EndProject
Project("{FAE04EC0-301F-11D3-BF4B-00C04F79EFBC}") = "OneWare.Settings", "src\OneWare.Settings\OneWare.Settings.csproj", "{26C8F73A-21D7-48F2-94F3-87AEA35E7363}"
EndProject
Project("{FAE04EC0-301F-11D3-BF4B-00C04F79EFBC}") = "OneWare.Terminal", "src\OneWare.Terminal\OneWare.Terminal.csproj", "{72255666-0FCD-4EA9-BB06-784BFDF833FF}"
EndProject
Project("{2150E333-8FDC-42A3-9474-1A3956D46DE8}") = "Terminal", "Terminal", "{09A7F503-8517-4D41-A396-C193931636A4}"
EndProject
Project("{FAE04EC0-301F-11D3-BF4B-00C04F79EFBC}") = "OneWare.Demo", "demo\OneWare.Demo\OneWare.Demo.csproj", "{FA5D65B7-7396-4FAE-9761-AAD3664011B6}"
EndProject
Project("{2150E333-8FDC-42A3-9474-1A3956D46DE8}") = "Extensions", "Extensions", "{6FF7E7F6-DA3F-477E-AAD7-47E3655FA34D}"
EndProject
Project("{2150E333-8FDC-42A3-9474-1A3956D46DE8}") = "LanguageSupport", "LanguageSupport", "{DB8BEF56-1C1D-4B6E-9A1C-6BABCD87EEEA}"
EndProject
Project("{FAE04EC0-301F-11D3-BF4B-00C04F79EFBC}") = "OneWare.SourceControl", "src\OneWare.SourceControl\OneWare.SourceControl.csproj", "{EB5E9D9F-E3E7-4E19-83BF-41EDE282B6B7}"
EndProject
Project("{FAE04EC0-301F-11D3-BF4B-00C04F79EFBC}") = "OneWare.Demo.Desktop", "demo\OneWare.Demo.Desktop\OneWare.Demo.Desktop.csproj", "{420AB56D-4886-490A-BF50-F0ABBB92AD51}"
EndProject
Project("{2150E333-8FDC-42A3-9474-1A3956D46DE8}") = "props", "props", "{26CFC267-21D3-4965-B340-0CEB0138CBE5}"
	ProjectSection(SolutionItems) = preProject
		build\props\Avalonia.Desktop.props = build\props\Avalonia.Desktop.props
		build\props\Avalonia.Diagnostics.props = build\props\Avalonia.Diagnostics.props
		build\props\Base.props = build\props\Base.props
		build\props\OneWare.Module.props = build\props\OneWare.Module.props
		build\props\RestSharp.props = build\props\RestSharp.props
		build\props\Avalonia.Browser.props = build\props\Avalonia.Browser.props
		build\props\Avalonia.Themes.Simple.props = build\props\Avalonia.Themes.Simple.props
		build\props\Avalonia.Fonts.Inter.props = build\props\Avalonia.Fonts.Inter.props
		build\props\XUnit.props = build\props\XUnit.props
		build\props\MsBuildUncompressTask.props = build\props\MsBuildUncompressTask.props
		build\props\NodeEditorAvalonia.props = build\props\NodeEditorAvalonia.props
		build\props\Asmichi.ChildProcess.props = build\props\Asmichi.ChildProcess.props
		build\props\Avalonia.Controls.ColorPicker.props = build\props\Avalonia.Controls.ColorPicker.props
		build\props\Avalonia.Controls.DataGrid.props = build\props\Avalonia.Controls.DataGrid.props
		build\props\Avalonia.Controls.PanAndZoom.props = build\props\Avalonia.Controls.PanAndZoom.props
		build\props\Avalonia.Controls.TreeDataGrid.props = build\props\Avalonia.Controls.TreeDataGrid.props
		build\props\Avalonia.props = build\props\Avalonia.props
		build\props\Avalonia.Svg.props = build\props\Avalonia.Svg.props
		build\props\AvaloniaEdit.props = build\props\AvaloniaEdit.props
		build\props\AvaloniaEdit.TextMate.props = build\props\AvaloniaEdit.TextMate.props
		build\props\CommunityToolkit.Mvvm.props = build\props\CommunityToolkit.Mvvm.props
		build\props\Dock.Avalonia.props = build\props\Dock.Avalonia.props
		build\props\Jint.props = build\props\Jint.props
		build\props\OmniSharp.Extensions.Language.props = build\props\OmniSharp.Extensions.Language.props
		build\props\Prism.Avalonia.props = build\props\Prism.Avalonia.props
		build\props\Avalonia.Xaml.Behaviors.props = build\props\Avalonia.Xaml.Behaviors.props
		build\props\DynamicData.props = build\props\DynamicData.props
		build\props\Avalonia.ReactiveUI.props = build\props\Avalonia.ReactiveUI.props
		build\props\SharpCompress.props = build\props\SharpCompress.props
	EndProjectSection
EndProject
Project("{FAE04EC0-301F-11D3-BF4B-00C04F79EFBC}") = "ColorTextBlock.Avalonia", "src\Markdown.Avalonia\ColorTextBlock.Avalonia\ColorTextBlock.Avalonia.csproj", "{0B2AD173-5342-46AB-B766-E6899216A9AB}"
EndProject
Project("{FAE04EC0-301F-11D3-BF4B-00C04F79EFBC}") = "Markdown.Avalonia.Tight", "src\Markdown.Avalonia\Markdown.Avalonia.Tight\Markdown.Avalonia.Tight.csproj", "{DD7A198B-4FA3-4D5D-A837-BEFD9B8D3E8C}"
EndProject
Project("{FAE04EC0-301F-11D3-BF4B-00C04F79EFBC}") = "Markdown.Avalonia.SyntaxHigh", "src\Markdown.Avalonia\Markdown.Avalonia.SyntaxHigh\Markdown.Avalonia.SyntaxHigh.csproj", "{25CD2A4A-5AF0-4C9B-9BCD-60DD39835C99}"
EndProject
Project("{2150E333-8FDC-42A3-9474-1A3956D46DE8}") = "ProjectSystem", "ProjectSystem", "{0AD88B48-CA52-4A71-BA09-DD41BCCD5BB7}"
EndProject
Project("{FAE04EC0-301F-11D3-BF4B-00C04F79EFBC}") = "OneWare.ProjectSystem", "src\OneWare.ProjectSystem\OneWare.ProjectSystem.csproj", "{A769C1DA-7B4A-4C3E-AEF7-EEF1D8488D3B}"
EndProject
Project("{FAE04EC0-301F-11D3-BF4B-00C04F79EFBC}") = "OneWare.FolderProjectSystem", "src\OneWare.FolderProjectSystem\OneWare.FolderProjectSystem.csproj", "{01B77528-DE9F-4CBD-BD20-3141310A94DC}"
EndProject
Project("{FAE04EC0-301F-11D3-BF4B-00C04F79EFBC}") = "OneWare.PackageManager", "src\OneWare.PackageManager\OneWare.PackageManager.csproj", "{93B1E8F2-97DB-4088-A3E2-6D75AB05AEAC}"
EndProject
Project("{FAE04EC0-301F-11D3-BF4B-00C04F79EFBC}") = "OneWare.Json", "src\OneWare.Json\OneWare.Json.csproj", "{A9B595DA-79CE-4F88-8F73-131FDA3CA0F8}"
EndProject
Project("{FAE04EC0-301F-11D3-BF4B-00C04F79EFBC}") = "OneWare.Toml", "src\OneWare.Toml\OneWare.Toml.csproj", "{659A04E9-85E0-4914-91EA-D479F59F1E32}"
EndProject
Project("{FAE04EC0-301F-11D3-BF4B-00C04F79EFBC}") = "OneWare.TerminalManager", "src\OneWare.TerminalManager\OneWare.TerminalManager.csproj", "{3310F0E4-6BB5-4CD0-BACB-58DAE409CDFF}"
EndProject
Project("{2150E333-8FDC-42A3-9474-1A3956D46DE8}") = "Tests", "Tests", "{EB783E04-C3C8-45F8-B810-24798DAE2450}"
EndProject
Project("{FAE04EC0-301F-11D3-BF4B-00C04F79EFBC}") = "VtNetCore.Avalonia", "src\VtNetCore.Avalonia\VtNetCore.Avalonia\VtNetCore.Avalonia.csproj", "{FE996B4B-A9E9-4212-B11E-F5749DBF3427}"
EndProject
Project("{FAE04EC0-301F-11D3-BF4B-00C04F79EFBC}") = "VtNetCore", "src\VtNetCore.Avalonia\VtNetCore\VtNetCore\VtNetCore.csproj", "{D1794384-1BD7-43DA-9846-203350EC4F0F}"
EndProject
Project("{FAE04EC0-301F-11D3-BF4B-00C04F79EFBC}") = "OneWare.ApplicationCommands", "src\OneWare.ApplicationCommands\OneWare.ApplicationCommands.csproj", "{5E74C94A-212C-404D-9B04-A362A9AA23BF}"
EndProject
Project("{FAE04EC0-301F-11D3-BF4B-00C04F79EFBC}") = "OneWare.ImageViewer", "src\OneWare.ImageViewer\OneWare.ImageViewer.csproj", "{20969AC5-F5E0-439C-9217-6FAE0CA01F73}"
EndProject
Project("{2150E333-8FDC-42A3-9474-1A3956D46DE8}") = "actions", "actions", "{60A1DF89-0129-42B7-A509-D717A887667C}"
	ProjectSection(SolutionItems) = preProject
		.github\workflows\test.yml = .github\workflows\test.yml
		.github\workflows\publish-nuget.yml = .github\workflows\publish-nuget.yml
		.github\workflows\snapcraft.yml = .github\workflows\snapcraft.yml
		.github\workflows\publish-studio-linux-flathub.yml = .github\workflows\publish-studio-linux-flathub.yml
		.github\workflows\publish-studio-linux-snap.yml = .github\workflows\publish-studio-linux-snap.yml
		.github\workflows\publish-studio-macos.yml = .github\workflows\publish-studio-macos.yml
		.github\workflows\publish-studio-windows.yml = .github\workflows\publish-studio-windows.yml
		.github\workflows\publish-studio-all.yml = .github\workflows\publish-studio-all.yml
		.github\workflows\publish-studio-web.yml = .github\workflows\publish-studio-web.yml
		.github\workflows\publish-studio-winget.yml = .github\workflows\publish-studio-winget.yml
		.github\workflows\publish-studio-linux.yaml = .github\workflows\publish-studio-linux.yaml
	EndProjectSection
EndProject
Project("{FAE04EC0-301F-11D3-BF4B-00C04F79EFBC}") = "OneWare.Debugger", "src\OneWare.Debugger\OneWare.Debugger.csproj", "{3223BF61-BDAB-440D-9158-98C248B971A5}"
EndProject
Project("{FAE04EC0-301F-11D3-BF4B-00C04F79EFBC}") = "OneWare.Essentials.UnitTests", "tests\OneWare.Essentials.UnitTests\OneWare.Essentials.UnitTests.csproj", "{2504C4C6-9F71-4C77-AB0D-FB1281CC8A66}"
EndProject
Project("{2150E333-8FDC-42A3-9474-1A3956D46DE8}") = "Demo", "Demo", "{4E0B6C8D-B846-4B95-B356-A1B8BDE16B52}"
EndProject
Project("{2150E333-8FDC-42A3-9474-1A3956D46DE8}") = "Studio", "Studio", "{614F8A02-432E-46B4-B296-6AC04632A86C}"
EndProject
Project("{FAE04EC0-301F-11D3-BF4B-00C04F79EFBC}") = "OneWare.Studio", "studio\OneWare.Studio\OneWare.Studio.csproj", "{BABC7A6C-9C36-4544-8B32-561A01F1BDF2}"
EndProject
Project("{FAE04EC0-301F-11D3-BF4B-00C04F79EFBC}") = "OneWare.Studio.Browser", "studio\OneWare.Studio.Browser\OneWare.Studio.Browser.csproj", "{67A6D0B8-4F0E-48B4-8E10-8A40D7737C62}"
EndProject
Project("{FAE04EC0-301F-11D3-BF4B-00C04F79EFBC}") = "OneWare.Studio.Desktop", "studio\OneWare.Studio.Desktop\OneWare.Studio.Desktop.csproj", "{265D2A95-FB84-4ED3-8AF8-15D263207F8B}"
EndProject
Project("{FAE04EC0-301F-11D3-BF4B-00C04F79EFBC}") = "OneWare.Vhdl", "src\OneWare.Vhdl\OneWare.Vhdl.csproj", "{19BAC1BE-1872-4021-921A-D7D95ACA9E39}"
EndProject
Project("{FAE04EC0-301F-11D3-BF4B-00C04F79EFBC}") = "OneWare.Verilog", "src\OneWare.Verilog\OneWare.Verilog.csproj", "{1F7004D7-0FDD-490B-94FB-AE5A1A569887}"
EndProject
Project("{FAE04EC0-301F-11D3-BF4B-00C04F79EFBC}") = "OneWare.Cpp", "src\OneWare.Cpp\OneWare.Cpp.csproj", "{22B13A78-EFFD-477A-9117-C43FE33EBA72}"
EndProject
Project("{FAE04EC0-301F-11D3-BF4B-00C04F79EFBC}") = "OneWare.Essentials", "src\OneWare.Essentials\OneWare.Essentials.csproj", "{36DEA714-3BC3-40CB-A758-CA7E9B3AE134}"
EndProject
Project("{2150E333-8FDC-42A3-9474-1A3956D46DE8}") = "FpgaSupport", "FpgaSupport", "{E1C53C3A-ADE2-469D-B0C6-54ADF37A9FBD}"
EndProject
Project("{FAE04EC0-301F-11D3-BF4B-00C04F79EFBC}") = "OneWare.UniversalFpgaProjectSystem", "src\OneWare.UniversalFpgaProjectSystem\OneWare.UniversalFpgaProjectSystem.csproj", "{54E16971-C5AF-449F-AB27-F606DC5CF280}"
EndProject
Project("{2150E333-8FDC-42A3-9474-1A3956D46DE8}") = "Wave", "Wave", "{6102B676-8E07-4BE6-9518-97FAB724F8B6}"
EndProject
Project("{FAE04EC0-301F-11D3-BF4B-00C04F79EFBC}") = "OneWare.WaveFormViewer", "src\OneWare.WaveFormViewer\OneWare.WaveFormViewer.csproj", "{BC7F3BE4-3458-437D-B614-4F46A20AB2D4}"
EndProject
Project("{FAE04EC0-301F-11D3-BF4B-00C04F79EFBC}") = "OneWare.Vcd.Parser", "src\OneWare.Vcd.Parser\OneWare.Vcd.Parser.csproj", "{5A662D0F-306C-475D-B30F-397E0D61B35D}"
EndProject
Project("{FAE04EC0-301F-11D3-BF4B-00C04F79EFBC}") = "OneWare.Vcd.Viewer", "src\OneWare.Vcd.Viewer\OneWare.Vcd.Viewer.csproj", "{CD74E9D7-B597-4B87-B9F6-26660ACF2BAF}"
EndProject
Project("{FAE04EC0-301F-11D3-BF4B-00C04F79EFBC}") = "OneWare.Updater", "src\OneWare.Updater\OneWare.Updater.csproj", "{2BF40D86-0F3E-4552-9100-543EC363D26E}"
EndProject
Project("{FAE04EC0-301F-11D3-BF4B-00C04F79EFBC}") = "OneWare.SerialMonitor", "src\OneWare.SerialMonitor\OneWare.SerialMonitor.csproj", "{FA9F868E-20C1-4F79-9FB4-0B8AF696849F}"
EndProject
Project("{2150E333-8FDC-42A3-9474-1A3956D46DE8}") = "Integrations", "Integrations", "{C4281D9E-BB03-4186-BCF6-859CE0A23AFE}"
EndProject
Project("{FAE04EC0-301F-11D3-BF4B-00C04F79EFBC}") = "OneWare.OssCadSuiteIntegration", "src\OneWare.OssCadSuiteIntegration\OneWare.OssCadSuiteIntegration.csproj", "{097B858B-7DE2-4328-857D-E19D6D05C53F}"
EndProject
Project("{2150E333-8FDC-42A3-9474-1A3956D46DE8}") = "Hardware", "Hardware", "{337B01B1-20B1-4B5B-A3B0-21AEB0729131}"
EndProject
Project("{FAE04EC0-301F-11D3-BF4B-00C04F79EFBC}") = "OneWare.Cyc5000", "src\OneWare.Cyc5000\OneWare.Cyc5000.csproj", "{D49DD06A-344A-4761-B765-E4ED295CEDA6}"
EndProject
Project("{2150E333-8FDC-42A3-9474-1A3956D46DE8}") = "Extensions", "Extensions", "{53C7F88A-3B98-4AB4-992B-71C1F91F1BA7}"
EndProject
Project("{FAE04EC0-301F-11D3-BF4B-00C04F79EFBC}") = "OneWare.Studio.Desktop.UnitTests", "tests\OneWare.Studio.Desktop.UnitTests\OneWare.Studio.Desktop.UnitTests.csproj", "{4503F91D-D8BE-4A9B-AE74-E9AEEC2F67A2}"
EndProject
Project("{FAE04EC0-301F-11D3-BF4B-00C04F79EFBC}") = "OneWare.Vcd.Parser.UnitTests", "tests\OneWare.Vcd.Parser.UnitTests\OneWare.Vcd.Parser.UnitTests.csproj", "{3174F07C-F96E-4695-B05D-CE91845CF292}"
EndProject
Project("{FAE04EC0-301F-11D3-BF4B-00C04F79EFBC}") = "OneWare.Vhdl.UnitTests", "tests\OneWare.Vhdl.UnitTests\OneWare.Vhdl.UnitTests.csproj", "{8EF6E36F-C63A-4F2A-99CF-8F3AE2A5C946}"
EndProject
Project("{FAE04EC0-301F-11D3-BF4B-00C04F79EFBC}") = "OneWare.WaveFormViewer.Tests", "tests\OneWare.WaveFormViewer.Tests\OneWare.WaveFormViewer.Tests.csproj", "{AAC4D6FA-4F94-4616-93B3-3BB47E4A0BB1}"
EndProject
Project("{FAE04EC0-301F-11D3-BF4B-00C04F79EFBC}") = "OneWare.UniversalFpgaProjectSystem.Tests", "tests\OneWare.UniversalFpgaProjectSystem.Tests\OneWare.UniversalFpgaProjectSystem.Tests.csproj", "{484F3E48-EF14-4801-B896-41BDB67A54E6}"
EndProject
Project("{FAE04EC0-301F-11D3-BF4B-00C04F79EFBC}") = "OneWare.CruviAdapterExtensions", "src\OneWare.CruviAdapterExtensions\OneWare.CruviAdapterExtensions.csproj", "{01BC6288-6AD8-4D70-9360-F84601CCBA56}"
EndProject
Global
	GlobalSection(SolutionConfigurationPlatforms) = preSolution
		Debug|Any CPU = Debug|Any CPU
		Release|Any CPU = Release|Any CPU
	EndGlobalSection
	GlobalSection(ProjectConfigurationPlatforms) = postSolution
		{142377AB-78D8-429E-8403-C89CC8988C09}.Debug|Any CPU.ActiveCfg = Debug|Any CPU
		{142377AB-78D8-429E-8403-C89CC8988C09}.Debug|Any CPU.Build.0 = Debug|Any CPU
		{142377AB-78D8-429E-8403-C89CC8988C09}.Release|Any CPU.ActiveCfg = Release|Any CPU
		{142377AB-78D8-429E-8403-C89CC8988C09}.Release|Any CPU.Build.0 = Release|Any CPU
		{F08B36E8-AB80-42CD-BD47-6B05E96DA390}.Debug|Any CPU.ActiveCfg = Debug|Any CPU
		{F08B36E8-AB80-42CD-BD47-6B05E96DA390}.Debug|Any CPU.Build.0 = Debug|Any CPU
		{F08B36E8-AB80-42CD-BD47-6B05E96DA390}.Release|Any CPU.ActiveCfg = Release|Any CPU
		{F08B36E8-AB80-42CD-BD47-6B05E96DA390}.Release|Any CPU.Build.0 = Release|Any CPU
		{12BBB9B2-9CCC-44D2-9A0B-C1634C57C709}.Debug|Any CPU.ActiveCfg = Debug|Any CPU
		{12BBB9B2-9CCC-44D2-9A0B-C1634C57C709}.Debug|Any CPU.Build.0 = Debug|Any CPU
		{12BBB9B2-9CCC-44D2-9A0B-C1634C57C709}.Release|Any CPU.ActiveCfg = Release|Any CPU
		{12BBB9B2-9CCC-44D2-9A0B-C1634C57C709}.Release|Any CPU.Build.0 = Release|Any CPU
		{BC09D83D-9EE5-499F-BF2F-E811D2E1028D}.Debug|Any CPU.ActiveCfg = Debug|Any CPU
		{BC09D83D-9EE5-499F-BF2F-E811D2E1028D}.Debug|Any CPU.Build.0 = Debug|Any CPU
		{BC09D83D-9EE5-499F-BF2F-E811D2E1028D}.Release|Any CPU.ActiveCfg = Release|Any CPU
		{BC09D83D-9EE5-499F-BF2F-E811D2E1028D}.Release|Any CPU.Build.0 = Release|Any CPU
		{F40DC391-3EB3-43C9-9645-3E9509F85E8B}.Debug|Any CPU.ActiveCfg = Debug|Any CPU
		{F40DC391-3EB3-43C9-9645-3E9509F85E8B}.Debug|Any CPU.Build.0 = Debug|Any CPU
		{F40DC391-3EB3-43C9-9645-3E9509F85E8B}.Release|Any CPU.ActiveCfg = Release|Any CPU
		{F40DC391-3EB3-43C9-9645-3E9509F85E8B}.Release|Any CPU.Build.0 = Release|Any CPU
		{26C8F73A-21D7-48F2-94F3-87AEA35E7363}.Debug|Any CPU.ActiveCfg = Debug|Any CPU
		{26C8F73A-21D7-48F2-94F3-87AEA35E7363}.Debug|Any CPU.Build.0 = Debug|Any CPU
		{26C8F73A-21D7-48F2-94F3-87AEA35E7363}.Release|Any CPU.ActiveCfg = Release|Any CPU
		{26C8F73A-21D7-48F2-94F3-87AEA35E7363}.Release|Any CPU.Build.0 = Release|Any CPU
		{72255666-0FCD-4EA9-BB06-784BFDF833FF}.Debug|Any CPU.ActiveCfg = Debug|Any CPU
		{72255666-0FCD-4EA9-BB06-784BFDF833FF}.Debug|Any CPU.Build.0 = Debug|Any CPU
		{72255666-0FCD-4EA9-BB06-784BFDF833FF}.Release|Any CPU.ActiveCfg = Release|Any CPU
		{72255666-0FCD-4EA9-BB06-784BFDF833FF}.Release|Any CPU.Build.0 = Release|Any CPU
		{FA5D65B7-7396-4FAE-9761-AAD3664011B6}.Debug|Any CPU.ActiveCfg = Debug|Any CPU
		{FA5D65B7-7396-4FAE-9761-AAD3664011B6}.Debug|Any CPU.Build.0 = Debug|Any CPU
		{FA5D65B7-7396-4FAE-9761-AAD3664011B6}.Release|Any CPU.ActiveCfg = Release|Any CPU
		{FA5D65B7-7396-4FAE-9761-AAD3664011B6}.Release|Any CPU.Build.0 = Release|Any CPU
		{EB5E9D9F-E3E7-4E19-83BF-41EDE282B6B7}.Debug|Any CPU.ActiveCfg = Debug|Any CPU
		{EB5E9D9F-E3E7-4E19-83BF-41EDE282B6B7}.Debug|Any CPU.Build.0 = Debug|Any CPU
		{EB5E9D9F-E3E7-4E19-83BF-41EDE282B6B7}.Release|Any CPU.ActiveCfg = Release|Any CPU
		{EB5E9D9F-E3E7-4E19-83BF-41EDE282B6B7}.Release|Any CPU.Build.0 = Release|Any CPU
		{420AB56D-4886-490A-BF50-F0ABBB92AD51}.Debug|Any CPU.ActiveCfg = Debug|Any CPU
		{420AB56D-4886-490A-BF50-F0ABBB92AD51}.Debug|Any CPU.Build.0 = Debug|Any CPU
		{420AB56D-4886-490A-BF50-F0ABBB92AD51}.Release|Any CPU.ActiveCfg = Release|Any CPU
		{420AB56D-4886-490A-BF50-F0ABBB92AD51}.Release|Any CPU.Build.0 = Release|Any CPU
		{0B2AD173-5342-46AB-B766-E6899216A9AB}.Debug|Any CPU.ActiveCfg = Debug|Any CPU
		{0B2AD173-5342-46AB-B766-E6899216A9AB}.Debug|Any CPU.Build.0 = Debug|Any CPU
		{0B2AD173-5342-46AB-B766-E6899216A9AB}.Release|Any CPU.ActiveCfg = Release|Any CPU
		{0B2AD173-5342-46AB-B766-E6899216A9AB}.Release|Any CPU.Build.0 = Release|Any CPU
		{DD7A198B-4FA3-4D5D-A837-BEFD9B8D3E8C}.Debug|Any CPU.ActiveCfg = Debug|Any CPU
		{DD7A198B-4FA3-4D5D-A837-BEFD9B8D3E8C}.Debug|Any CPU.Build.0 = Debug|Any CPU
		{DD7A198B-4FA3-4D5D-A837-BEFD9B8D3E8C}.Release|Any CPU.ActiveCfg = Release|Any CPU
		{DD7A198B-4FA3-4D5D-A837-BEFD9B8D3E8C}.Release|Any CPU.Build.0 = Release|Any CPU
		{25CD2A4A-5AF0-4C9B-9BCD-60DD39835C99}.Debug|Any CPU.ActiveCfg = Debug|Any CPU
		{25CD2A4A-5AF0-4C9B-9BCD-60DD39835C99}.Debug|Any CPU.Build.0 = Debug|Any CPU
		{25CD2A4A-5AF0-4C9B-9BCD-60DD39835C99}.Release|Any CPU.ActiveCfg = Release|Any CPU
		{25CD2A4A-5AF0-4C9B-9BCD-60DD39835C99}.Release|Any CPU.Build.0 = Release|Any CPU
		{A769C1DA-7B4A-4C3E-AEF7-EEF1D8488D3B}.Debug|Any CPU.ActiveCfg = Debug|Any CPU
		{A769C1DA-7B4A-4C3E-AEF7-EEF1D8488D3B}.Debug|Any CPU.Build.0 = Debug|Any CPU
		{A769C1DA-7B4A-4C3E-AEF7-EEF1D8488D3B}.Release|Any CPU.ActiveCfg = Release|Any CPU
		{A769C1DA-7B4A-4C3E-AEF7-EEF1D8488D3B}.Release|Any CPU.Build.0 = Release|Any CPU
		{01B77528-DE9F-4CBD-BD20-3141310A94DC}.Debug|Any CPU.ActiveCfg = Debug|Any CPU
		{01B77528-DE9F-4CBD-BD20-3141310A94DC}.Debug|Any CPU.Build.0 = Debug|Any CPU
		{01B77528-DE9F-4CBD-BD20-3141310A94DC}.Release|Any CPU.ActiveCfg = Release|Any CPU
		{01B77528-DE9F-4CBD-BD20-3141310A94DC}.Release|Any CPU.Build.0 = Release|Any CPU
		{93B1E8F2-97DB-4088-A3E2-6D75AB05AEAC}.Debug|Any CPU.ActiveCfg = Debug|Any CPU
		{93B1E8F2-97DB-4088-A3E2-6D75AB05AEAC}.Debug|Any CPU.Build.0 = Debug|Any CPU
		{93B1E8F2-97DB-4088-A3E2-6D75AB05AEAC}.Release|Any CPU.ActiveCfg = Release|Any CPU
		{93B1E8F2-97DB-4088-A3E2-6D75AB05AEAC}.Release|Any CPU.Build.0 = Release|Any CPU
		{A9B595DA-79CE-4F88-8F73-131FDA3CA0F8}.Debug|Any CPU.ActiveCfg = Debug|Any CPU
		{A9B595DA-79CE-4F88-8F73-131FDA3CA0F8}.Debug|Any CPU.Build.0 = Debug|Any CPU
		{A9B595DA-79CE-4F88-8F73-131FDA3CA0F8}.Release|Any CPU.ActiveCfg = Release|Any CPU
		{A9B595DA-79CE-4F88-8F73-131FDA3CA0F8}.Release|Any CPU.Build.0 = Release|Any CPU
		{659A04E9-85E0-4914-91EA-D479F59F1E32}.Debug|Any CPU.ActiveCfg = Debug|Any CPU
		{659A04E9-85E0-4914-91EA-D479F59F1E32}.Debug|Any CPU.Build.0 = Debug|Any CPU
		{659A04E9-85E0-4914-91EA-D479F59F1E32}.Release|Any CPU.ActiveCfg = Release|Any CPU
		{659A04E9-85E0-4914-91EA-D479F59F1E32}.Release|Any CPU.Build.0 = Release|Any CPU
		{3310F0E4-6BB5-4CD0-BACB-58DAE409CDFF}.Debug|Any CPU.ActiveCfg = Debug|Any CPU
		{3310F0E4-6BB5-4CD0-BACB-58DAE409CDFF}.Debug|Any CPU.Build.0 = Debug|Any CPU
		{3310F0E4-6BB5-4CD0-BACB-58DAE409CDFF}.Release|Any CPU.ActiveCfg = Release|Any CPU
		{3310F0E4-6BB5-4CD0-BACB-58DAE409CDFF}.Release|Any CPU.Build.0 = Release|Any CPU
		{FE996B4B-A9E9-4212-B11E-F5749DBF3427}.Debug|Any CPU.ActiveCfg = Debug|Any CPU
		{FE996B4B-A9E9-4212-B11E-F5749DBF3427}.Debug|Any CPU.Build.0 = Debug|Any CPU
		{FE996B4B-A9E9-4212-B11E-F5749DBF3427}.Release|Any CPU.ActiveCfg = Release|Any CPU
		{FE996B4B-A9E9-4212-B11E-F5749DBF3427}.Release|Any CPU.Build.0 = Release|Any CPU
		{D1794384-1BD7-43DA-9846-203350EC4F0F}.Debug|Any CPU.ActiveCfg = Debug|Any CPU
		{D1794384-1BD7-43DA-9846-203350EC4F0F}.Debug|Any CPU.Build.0 = Debug|Any CPU
		{D1794384-1BD7-43DA-9846-203350EC4F0F}.Release|Any CPU.ActiveCfg = Release|Any CPU
		{D1794384-1BD7-43DA-9846-203350EC4F0F}.Release|Any CPU.Build.0 = Release|Any CPU
		{5E74C94A-212C-404D-9B04-A362A9AA23BF}.Debug|Any CPU.ActiveCfg = Debug|Any CPU
		{5E74C94A-212C-404D-9B04-A362A9AA23BF}.Debug|Any CPU.Build.0 = Debug|Any CPU
		{5E74C94A-212C-404D-9B04-A362A9AA23BF}.Release|Any CPU.ActiveCfg = Release|Any CPU
		{5E74C94A-212C-404D-9B04-A362A9AA23BF}.Release|Any CPU.Build.0 = Release|Any CPU
		{20969AC5-F5E0-439C-9217-6FAE0CA01F73}.Debug|Any CPU.ActiveCfg = Debug|Any CPU
		{20969AC5-F5E0-439C-9217-6FAE0CA01F73}.Debug|Any CPU.Build.0 = Debug|Any CPU
		{20969AC5-F5E0-439C-9217-6FAE0CA01F73}.Release|Any CPU.ActiveCfg = Release|Any CPU
		{20969AC5-F5E0-439C-9217-6FAE0CA01F73}.Release|Any CPU.Build.0 = Release|Any CPU
		{3223BF61-BDAB-440D-9158-98C248B971A5}.Debug|Any CPU.ActiveCfg = Debug|Any CPU
		{3223BF61-BDAB-440D-9158-98C248B971A5}.Debug|Any CPU.Build.0 = Debug|Any CPU
		{3223BF61-BDAB-440D-9158-98C248B971A5}.Release|Any CPU.ActiveCfg = Release|Any CPU
		{3223BF61-BDAB-440D-9158-98C248B971A5}.Release|Any CPU.Build.0 = Release|Any CPU
		{2504C4C6-9F71-4C77-AB0D-FB1281CC8A66}.Debug|Any CPU.ActiveCfg = Debug|Any CPU
		{2504C4C6-9F71-4C77-AB0D-FB1281CC8A66}.Debug|Any CPU.Build.0 = Debug|Any CPU
		{2504C4C6-9F71-4C77-AB0D-FB1281CC8A66}.Release|Any CPU.ActiveCfg = Release|Any CPU
		{2504C4C6-9F71-4C77-AB0D-FB1281CC8A66}.Release|Any CPU.Build.0 = Release|Any CPU
		{BABC7A6C-9C36-4544-8B32-561A01F1BDF2}.Debug|Any CPU.ActiveCfg = Debug|Any CPU
		{BABC7A6C-9C36-4544-8B32-561A01F1BDF2}.Debug|Any CPU.Build.0 = Debug|Any CPU
		{BABC7A6C-9C36-4544-8B32-561A01F1BDF2}.Release|Any CPU.ActiveCfg = Release|Any CPU
		{BABC7A6C-9C36-4544-8B32-561A01F1BDF2}.Release|Any CPU.Build.0 = Release|Any CPU
		{67A6D0B8-4F0E-48B4-8E10-8A40D7737C62}.Debug|Any CPU.ActiveCfg = Debug|Any CPU
		{67A6D0B8-4F0E-48B4-8E10-8A40D7737C62}.Debug|Any CPU.Build.0 = Debug|Any CPU
		{67A6D0B8-4F0E-48B4-8E10-8A40D7737C62}.Release|Any CPU.ActiveCfg = Release|Any CPU
		{67A6D0B8-4F0E-48B4-8E10-8A40D7737C62}.Release|Any CPU.Build.0 = Release|Any CPU
		{265D2A95-FB84-4ED3-8AF8-15D263207F8B}.Debug|Any CPU.ActiveCfg = Debug|Any CPU
		{265D2A95-FB84-4ED3-8AF8-15D263207F8B}.Debug|Any CPU.Build.0 = Debug|Any CPU
		{265D2A95-FB84-4ED3-8AF8-15D263207F8B}.Release|Any CPU.ActiveCfg = Release|Any CPU
		{265D2A95-FB84-4ED3-8AF8-15D263207F8B}.Release|Any CPU.Build.0 = Release|Any CPU
		{19BAC1BE-1872-4021-921A-D7D95ACA9E39}.Debug|Any CPU.ActiveCfg = Debug|Any CPU
		{19BAC1BE-1872-4021-921A-D7D95ACA9E39}.Debug|Any CPU.Build.0 = Debug|Any CPU
		{19BAC1BE-1872-4021-921A-D7D95ACA9E39}.Release|Any CPU.ActiveCfg = Release|Any CPU
		{19BAC1BE-1872-4021-921A-D7D95ACA9E39}.Release|Any CPU.Build.0 = Release|Any CPU
		{1F7004D7-0FDD-490B-94FB-AE5A1A569887}.Debug|Any CPU.ActiveCfg = Debug|Any CPU
		{1F7004D7-0FDD-490B-94FB-AE5A1A569887}.Debug|Any CPU.Build.0 = Debug|Any CPU
		{1F7004D7-0FDD-490B-94FB-AE5A1A569887}.Release|Any CPU.ActiveCfg = Release|Any CPU
		{1F7004D7-0FDD-490B-94FB-AE5A1A569887}.Release|Any CPU.Build.0 = Release|Any CPU
		{22B13A78-EFFD-477A-9117-C43FE33EBA72}.Debug|Any CPU.ActiveCfg = Debug|Any CPU
		{22B13A78-EFFD-477A-9117-C43FE33EBA72}.Debug|Any CPU.Build.0 = Debug|Any CPU
		{22B13A78-EFFD-477A-9117-C43FE33EBA72}.Release|Any CPU.ActiveCfg = Release|Any CPU
		{22B13A78-EFFD-477A-9117-C43FE33EBA72}.Release|Any CPU.Build.0 = Release|Any CPU
		{36DEA714-3BC3-40CB-A758-CA7E9B3AE134}.Debug|Any CPU.ActiveCfg = Debug|Any CPU
		{36DEA714-3BC3-40CB-A758-CA7E9B3AE134}.Debug|Any CPU.Build.0 = Debug|Any CPU
		{36DEA714-3BC3-40CB-A758-CA7E9B3AE134}.Release|Any CPU.ActiveCfg = Release|Any CPU
		{36DEA714-3BC3-40CB-A758-CA7E9B3AE134}.Release|Any CPU.Build.0 = Release|Any CPU
		{54E16971-C5AF-449F-AB27-F606DC5CF280}.Debug|Any CPU.ActiveCfg = Debug|Any CPU
		{54E16971-C5AF-449F-AB27-F606DC5CF280}.Debug|Any CPU.Build.0 = Debug|Any CPU
		{54E16971-C5AF-449F-AB27-F606DC5CF280}.Release|Any CPU.ActiveCfg = Release|Any CPU
		{54E16971-C5AF-449F-AB27-F606DC5CF280}.Release|Any CPU.Build.0 = Release|Any CPU
		{BC7F3BE4-3458-437D-B614-4F46A20AB2D4}.Debug|Any CPU.ActiveCfg = Debug|Any CPU
		{BC7F3BE4-3458-437D-B614-4F46A20AB2D4}.Debug|Any CPU.Build.0 = Debug|Any CPU
		{BC7F3BE4-3458-437D-B614-4F46A20AB2D4}.Release|Any CPU.ActiveCfg = Release|Any CPU
		{BC7F3BE4-3458-437D-B614-4F46A20AB2D4}.Release|Any CPU.Build.0 = Release|Any CPU
		{5A662D0F-306C-475D-B30F-397E0D61B35D}.Debug|Any CPU.ActiveCfg = Debug|Any CPU
		{5A662D0F-306C-475D-B30F-397E0D61B35D}.Debug|Any CPU.Build.0 = Debug|Any CPU
		{5A662D0F-306C-475D-B30F-397E0D61B35D}.Release|Any CPU.ActiveCfg = Release|Any CPU
		{5A662D0F-306C-475D-B30F-397E0D61B35D}.Release|Any CPU.Build.0 = Release|Any CPU
		{CD74E9D7-B597-4B87-B9F6-26660ACF2BAF}.Debug|Any CPU.ActiveCfg = Debug|Any CPU
		{CD74E9D7-B597-4B87-B9F6-26660ACF2BAF}.Debug|Any CPU.Build.0 = Debug|Any CPU
		{CD74E9D7-B597-4B87-B9F6-26660ACF2BAF}.Release|Any CPU.ActiveCfg = Release|Any CPU
		{CD74E9D7-B597-4B87-B9F6-26660ACF2BAF}.Release|Any CPU.Build.0 = Release|Any CPU
		{2BF40D86-0F3E-4552-9100-543EC363D26E}.Debug|Any CPU.ActiveCfg = Debug|Any CPU
		{2BF40D86-0F3E-4552-9100-543EC363D26E}.Debug|Any CPU.Build.0 = Debug|Any CPU
		{2BF40D86-0F3E-4552-9100-543EC363D26E}.Release|Any CPU.ActiveCfg = Release|Any CPU
		{2BF40D86-0F3E-4552-9100-543EC363D26E}.Release|Any CPU.Build.0 = Release|Any CPU
		{FA9F868E-20C1-4F79-9FB4-0B8AF696849F}.Debug|Any CPU.ActiveCfg = Debug|Any CPU
		{FA9F868E-20C1-4F79-9FB4-0B8AF696849F}.Debug|Any CPU.Build.0 = Debug|Any CPU
		{FA9F868E-20C1-4F79-9FB4-0B8AF696849F}.Release|Any CPU.ActiveCfg = Release|Any CPU
		{FA9F868E-20C1-4F79-9FB4-0B8AF696849F}.Release|Any CPU.Build.0 = Release|Any CPU
		{097B858B-7DE2-4328-857D-E19D6D05C53F}.Debug|Any CPU.ActiveCfg = Debug|Any CPU
		{097B858B-7DE2-4328-857D-E19D6D05C53F}.Debug|Any CPU.Build.0 = Debug|Any CPU
		{097B858B-7DE2-4328-857D-E19D6D05C53F}.Release|Any CPU.ActiveCfg = Release|Any CPU
		{097B858B-7DE2-4328-857D-E19D6D05C53F}.Release|Any CPU.Build.0 = Release|Any CPU
		{D49DD06A-344A-4761-B765-E4ED295CEDA6}.Debug|Any CPU.ActiveCfg = Debug|Any CPU
		{D49DD06A-344A-4761-B765-E4ED295CEDA6}.Debug|Any CPU.Build.0 = Debug|Any CPU
		{D49DD06A-344A-4761-B765-E4ED295CEDA6}.Release|Any CPU.ActiveCfg = Release|Any CPU
		{D49DD06A-344A-4761-B765-E4ED295CEDA6}.Release|Any CPU.Build.0 = Release|Any CPU
		{4503F91D-D8BE-4A9B-AE74-E9AEEC2F67A2}.Debug|Any CPU.ActiveCfg = Debug|Any CPU
		{4503F91D-D8BE-4A9B-AE74-E9AEEC2F67A2}.Debug|Any CPU.Build.0 = Debug|Any CPU
		{4503F91D-D8BE-4A9B-AE74-E9AEEC2F67A2}.Release|Any CPU.ActiveCfg = Release|Any CPU
		{4503F91D-D8BE-4A9B-AE74-E9AEEC2F67A2}.Release|Any CPU.Build.0 = Release|Any CPU
		{3174F07C-F96E-4695-B05D-CE91845CF292}.Debug|Any CPU.ActiveCfg = Debug|Any CPU
		{3174F07C-F96E-4695-B05D-CE91845CF292}.Debug|Any CPU.Build.0 = Debug|Any CPU
		{3174F07C-F96E-4695-B05D-CE91845CF292}.Release|Any CPU.ActiveCfg = Release|Any CPU
		{3174F07C-F96E-4695-B05D-CE91845CF292}.Release|Any CPU.Build.0 = Release|Any CPU
		{8EF6E36F-C63A-4F2A-99CF-8F3AE2A5C946}.Debug|Any CPU.ActiveCfg = Debug|Any CPU
		{8EF6E36F-C63A-4F2A-99CF-8F3AE2A5C946}.Debug|Any CPU.Build.0 = Debug|Any CPU
		{8EF6E36F-C63A-4F2A-99CF-8F3AE2A5C946}.Release|Any CPU.ActiveCfg = Release|Any CPU
		{8EF6E36F-C63A-4F2A-99CF-8F3AE2A5C946}.Release|Any CPU.Build.0 = Release|Any CPU
		{AAC4D6FA-4F94-4616-93B3-3BB47E4A0BB1}.Debug|Any CPU.ActiveCfg = Debug|Any CPU
		{AAC4D6FA-4F94-4616-93B3-3BB47E4A0BB1}.Debug|Any CPU.Build.0 = Debug|Any CPU
		{AAC4D6FA-4F94-4616-93B3-3BB47E4A0BB1}.Release|Any CPU.ActiveCfg = Release|Any CPU
		{AAC4D6FA-4F94-4616-93B3-3BB47E4A0BB1}.Release|Any CPU.Build.0 = Release|Any CPU
		{484F3E48-EF14-4801-B896-41BDB67A54E6}.Debug|Any CPU.ActiveCfg = Debug|Any CPU
		{484F3E48-EF14-4801-B896-41BDB67A54E6}.Debug|Any CPU.Build.0 = Debug|Any CPU
		{484F3E48-EF14-4801-B896-41BDB67A54E6}.Release|Any CPU.ActiveCfg = Release|Any CPU
		{484F3E48-EF14-4801-B896-41BDB67A54E6}.Release|Any CPU.Build.0 = Release|Any CPU
		{01BC6288-6AD8-4D70-9360-F84601CCBA56}.Debug|Any CPU.ActiveCfg = Debug|Any CPU
		{01BC6288-6AD8-4D70-9360-F84601CCBA56}.Debug|Any CPU.Build.0 = Debug|Any CPU
		{01BC6288-6AD8-4D70-9360-F84601CCBA56}.Release|Any CPU.ActiveCfg = Release|Any CPU
		{01BC6288-6AD8-4D70-9360-F84601CCBA56}.Release|Any CPU.Build.0 = Release|Any CPU
	EndGlobalSection
	GlobalSection(NestedProjects) = preSolution
		{F08B36E8-AB80-42CD-BD47-6B05E96DA390} = {0761690C-7DA0-4554-9F6B-211088412DCD}
		{12BBB9B2-9CCC-44D2-9A0B-C1634C57C709} = {0761690C-7DA0-4554-9F6B-211088412DCD}
		{BC09D83D-9EE5-499F-BF2F-E811D2E1028D} = {0761690C-7DA0-4554-9F6B-211088412DCD}
		{F40DC391-3EB3-43C9-9645-3E9509F85E8B} = {0761690C-7DA0-4554-9F6B-211088412DCD}
		{26C8F73A-21D7-48F2-94F3-87AEA35E7363} = {0761690C-7DA0-4554-9F6B-211088412DCD}
		{09A7F503-8517-4D41-A396-C193931636A4} = {0761690C-7DA0-4554-9F6B-211088412DCD}
		{72255666-0FCD-4EA9-BB06-784BFDF833FF} = {09A7F503-8517-4D41-A396-C193931636A4}
		{DB8BEF56-1C1D-4B6E-9A1C-6BABCD87EEEA} = {6FF7E7F6-DA3F-477E-AAD7-47E3655FA34D}
		{EB5E9D9F-E3E7-4E19-83BF-41EDE282B6B7} = {0761690C-7DA0-4554-9F6B-211088412DCD}
		{26CFC267-21D3-4965-B340-0CEB0138CBE5} = {3782EFDF-2990-4B2C-907F-12739A839A3C}
		{0B2AD173-5342-46AB-B766-E6899216A9AB} = {B99724E4-1AA2-46D9-B982-6A3B381C5258}
		{DD7A198B-4FA3-4D5D-A837-BEFD9B8D3E8C} = {B99724E4-1AA2-46D9-B982-6A3B381C5258}
		{25CD2A4A-5AF0-4C9B-9BCD-60DD39835C99} = {B99724E4-1AA2-46D9-B982-6A3B381C5258}
		{0AD88B48-CA52-4A71-BA09-DD41BCCD5BB7} = {6FF7E7F6-DA3F-477E-AAD7-47E3655FA34D}
		{A769C1DA-7B4A-4C3E-AEF7-EEF1D8488D3B} = {0761690C-7DA0-4554-9F6B-211088412DCD}
		{01B77528-DE9F-4CBD-BD20-3141310A94DC} = {0AD88B48-CA52-4A71-BA09-DD41BCCD5BB7}
		{93B1E8F2-97DB-4088-A3E2-6D75AB05AEAC} = {6FF7E7F6-DA3F-477E-AAD7-47E3655FA34D}
		{A9B595DA-79CE-4F88-8F73-131FDA3CA0F8} = {DB8BEF56-1C1D-4B6E-9A1C-6BABCD87EEEA}
		{659A04E9-85E0-4914-91EA-D479F59F1E32} = {DB8BEF56-1C1D-4B6E-9A1C-6BABCD87EEEA}
		{3310F0E4-6BB5-4CD0-BACB-58DAE409CDFF} = {09A7F503-8517-4D41-A396-C193931636A4}
		{FE996B4B-A9E9-4212-B11E-F5749DBF3427} = {09A7F503-8517-4D41-A396-C193931636A4}
		{D1794384-1BD7-43DA-9846-203350EC4F0F} = {09A7F503-8517-4D41-A396-C193931636A4}
		{5E74C94A-212C-404D-9B04-A362A9AA23BF} = {0761690C-7DA0-4554-9F6B-211088412DCD}
		{20969AC5-F5E0-439C-9217-6FAE0CA01F73} = {6FF7E7F6-DA3F-477E-AAD7-47E3655FA34D}
		{60A1DF89-0129-42B7-A509-D717A887667C} = {3782EFDF-2990-4B2C-907F-12739A839A3C}
		{3223BF61-BDAB-440D-9158-98C248B971A5} = {0761690C-7DA0-4554-9F6B-211088412DCD}
		{2504C4C6-9F71-4C77-AB0D-FB1281CC8A66} = {EB783E04-C3C8-45F8-B810-24798DAE2450}
		{FA5D65B7-7396-4FAE-9761-AAD3664011B6} = {4E0B6C8D-B846-4B95-B356-A1B8BDE16B52}
		{420AB56D-4886-490A-BF50-F0ABBB92AD51} = {4E0B6C8D-B846-4B95-B356-A1B8BDE16B52}
		{BABC7A6C-9C36-4544-8B32-561A01F1BDF2} = {614F8A02-432E-46B4-B296-6AC04632A86C}
		{67A6D0B8-4F0E-48B4-8E10-8A40D7737C62} = {614F8A02-432E-46B4-B296-6AC04632A86C}
		{265D2A95-FB84-4ED3-8AF8-15D263207F8B} = {614F8A02-432E-46B4-B296-6AC04632A86C}
		{19BAC1BE-1872-4021-921A-D7D95ACA9E39} = {DB8BEF56-1C1D-4B6E-9A1C-6BABCD87EEEA}
		{1F7004D7-0FDD-490B-94FB-AE5A1A569887} = {DB8BEF56-1C1D-4B6E-9A1C-6BABCD87EEEA}
		{22B13A78-EFFD-477A-9117-C43FE33EBA72} = {DB8BEF56-1C1D-4B6E-9A1C-6BABCD87EEEA}
		{E1C53C3A-ADE2-469D-B0C6-54ADF37A9FBD} = {6FF7E7F6-DA3F-477E-AAD7-47E3655FA34D}
		{54E16971-C5AF-449F-AB27-F606DC5CF280} = {E1C53C3A-ADE2-469D-B0C6-54ADF37A9FBD}
		{6102B676-8E07-4BE6-9518-97FAB724F8B6} = {6FF7E7F6-DA3F-477E-AAD7-47E3655FA34D}
		{BC7F3BE4-3458-437D-B614-4F46A20AB2D4} = {6102B676-8E07-4BE6-9518-97FAB724F8B6}
		{5A662D0F-306C-475D-B30F-397E0D61B35D} = {6102B676-8E07-4BE6-9518-97FAB724F8B6}
		{CD74E9D7-B597-4B87-B9F6-26660ACF2BAF} = {6102B676-8E07-4BE6-9518-97FAB724F8B6}
		{2BF40D86-0F3E-4552-9100-543EC363D26E} = {0761690C-7DA0-4554-9F6B-211088412DCD}
		{FA9F868E-20C1-4F79-9FB4-0B8AF696849F} = {E1C53C3A-ADE2-469D-B0C6-54ADF37A9FBD}
		{C4281D9E-BB03-4186-BCF6-859CE0A23AFE} = {E1C53C3A-ADE2-469D-B0C6-54ADF37A9FBD}
		{097B858B-7DE2-4328-857D-E19D6D05C53F} = {C4281D9E-BB03-4186-BCF6-859CE0A23AFE}
		{337B01B1-20B1-4B5B-A3B0-21AEB0729131} = {E1C53C3A-ADE2-469D-B0C6-54ADF37A9FBD}
		{D49DD06A-344A-4761-B765-E4ED295CEDA6} = {337B01B1-20B1-4B5B-A3B0-21AEB0729131}
		{53C7F88A-3B98-4AB4-992B-71C1F91F1BA7} = {337B01B1-20B1-4B5B-A3B0-21AEB0729131}
		{4503F91D-D8BE-4A9B-AE74-E9AEEC2F67A2} = {EB783E04-C3C8-45F8-B810-24798DAE2450}
		{3174F07C-F96E-4695-B05D-CE91845CF292} = {EB783E04-C3C8-45F8-B810-24798DAE2450}
		{8EF6E36F-C63A-4F2A-99CF-8F3AE2A5C946} = {EB783E04-C3C8-45F8-B810-24798DAE2450}
		{AAC4D6FA-4F94-4616-93B3-3BB47E4A0BB1} = {EB783E04-C3C8-45F8-B810-24798DAE2450}
		{484F3E48-EF14-4801-B896-41BDB67A54E6} = {EB783E04-C3C8-45F8-B810-24798DAE2450}
		{01BC6288-6AD8-4D70-9360-F84601CCBA56} = {53C7F88A-3B98-4AB4-992B-71C1F91F1BA7}
	EndGlobalSection
EndGlobal
