
Microsoft Visual Studio Solution File, Format Version 12.00
Project("{FAE04EC0-301F-11D3-BF4B-00C04F79EFBC}") = "OneWare.Core", "src\OneWare.Core\OneWare.Core.csproj", "{142377AB-78D8-429E-8403-C89CC8988C09}"
EndProject
Project("{FAE04EC0-301F-11D3-BF4B-00C04F79EFBC}") = "OneWare.Shared", "src\OneWare.Shared\OneWare.Shared.csproj", "{94FD4E60-346F-4B14-AB6D-A1B78DD39501}"
EndProject
Project("{2150E333-8FDC-42A3-9474-1A3956D46DE8}") = "build", "build", "{3782EFDF-2990-4B2C-907F-12739A839A3C}"
	ProjectSection(SolutionItems) = preProject
		Directory.Build.props = Directory.Build.props
	EndProjectSection
EndProject
Project("{2150E333-8FDC-42A3-9474-1A3956D46DE8}") = "Submodules", "Submodules", "{B99724E4-1AA2-46D9-B982-6A3B381C5258}"
EndProject
Project("{FAE04EC0-301F-11D3-BF4B-00C04F79EFBC}") = "AvaloniaEdit", "src\AvaloniaEdit\src\AvaloniaEdit\AvaloniaEdit.csproj", "{192886D3-6203-4AD9-9A44-E071A6AF3059}"
EndProject
Project("{2150E333-8FDC-42A3-9474-1A3956D46DE8}") = "Coremodules", "Coremodules", "{0761690C-7DA0-4554-9F6B-211088412DCD}"
EndProject
Project("{FAE04EC0-301F-11D3-BF4B-00C04F79EFBC}") = "OneWare.ErrorList", "src\OneWare.ErrorList\OneWare.ErrorList.csproj", "{F08B36E8-AB80-42CD-BD47-6B05E96DA390}"
EndProject
Project("{FAE04EC0-301F-11D3-BF4B-00C04F79EFBC}") = "OneWare.Output", "src\OneWare.Output\OneWare.Output.csproj", "{12BBB9B2-9CCC-44D2-9A0B-C1634C57C709}"
EndProject
Project("{FAE04EC0-301F-11D3-BF4B-00C04F79EFBC}") = "OneWare.ProjectExplorer", "src\OneWare.ProjectExplorer\OneWare.ProjectExplorer.csproj", "{BC09D83D-9EE5-499F-BF2F-E811D2E1028D}"
EndProject
Project("{FAE04EC0-301F-11D3-BF4B-00C04F79EFBC}") = "OneWare.SearchList", "src\OneWare.SearchList\OneWare.SearchList.csproj", "{F40DC391-3EB3-43C9-9645-3E9509F85E8B}"
EndProject
Project("{FAE04EC0-301F-11D3-BF4B-00C04F79EFBC}") = "OneWare.SerialMonitor", "src\OneWare.SerialMonitor\OneWare.SerialMonitor.csproj", "{0109F726-EC7E-4665-99F5-AC14F42AD268}"
EndProject
Project("{FAE04EC0-301F-11D3-BF4B-00C04F79EFBC}") = "OneWare.Settings", "src\OneWare.Settings\OneWare.Settings.csproj", "{26C8F73A-21D7-48F2-94F3-87AEA35E7363}"
EndProject
Project("{FAE04EC0-301F-11D3-BF4B-00C04F79EFBC}") = "OneWare.Terminal", "src\OneWare.Terminal\OneWare.Terminal.csproj", "{72255666-0FCD-4EA9-BB06-784BFDF833FF}"
EndProject
Project("{2150E333-8FDC-42A3-9474-1A3956D46DE8}") = "Terminal", "Terminal", "{09A7F503-8517-4D41-A396-C193931636A4}"
EndProject
Project("{FAE04EC0-301F-11D3-BF4B-00C04F79EFBC}") = "VtNetCore.Avalonia", "src\AvalonStudio.TerminalEmulator\VtNetCore.Avalonia\VtNetCore.Avalonia\VtNetCore.Avalonia.csproj", "{C10C91A9-60C1-45D0-891B-1F3A8525824F}"
EndProject
Project("{FAE04EC0-301F-11D3-BF4B-00C04F79EFBC}") = "VtNetCore", "src\AvalonStudio.TerminalEmulator\VtNetCore.Avalonia\VtNetCore\VtNetCore\VtNetCore.csproj", "{3FD14957-C946-49CB-9023-CCF5A113A650}"
EndProject
Project("{FAE04EC0-301F-11D3-BF4B-00C04F79EFBC}") = "AvalonStudio.Terminals", "src\AvalonStudio.TerminalEmulator\src\AvalonStudio.Terminals\AvalonStudio.Terminals.csproj", "{08F1D2B5-28A3-4B7C-BD22-6279C70246A0}"
EndProject
Project("{FAE04EC0-301F-11D3-BF4B-00C04F79EFBC}") = "OneWare.Demo", "demo\OneWare.Demo\OneWare.Demo.csproj", "{FA5D65B7-7396-4FAE-9761-AAD3664011B6}"
EndProject
Project("{2150E333-8FDC-42A3-9474-1A3956D46DE8}") = "Extensions", "Extensions", "{6FF7E7F6-DA3F-477E-AAD7-47E3655FA34D}"
EndProject
Project("{FAE04EC0-301F-11D3-BF4B-00C04F79EFBC}") = "OneWare.Vhdl", "src\OneWare.Vhdl\OneWare.Vhdl.csproj", "{179D85B4-9E7B-4E1A-B4FE-0B26B8A7E686}"
EndProject
Project("{2150E333-8FDC-42A3-9474-1A3956D46DE8}") = "LanguageSupport", "LanguageSupport", "{DB8BEF56-1C1D-4B6E-9A1C-6BABCD87EEEA}"
EndProject
Project("{FAE04EC0-301F-11D3-BF4B-00C04F79EFBC}") = "OneWare.Cpp", "src\OneWare.Cpp\OneWare.Cpp.csproj", "{A6F70032-6074-4624-B96B-E2B0A68CA18F}"
EndProject
Project("{FAE04EC0-301F-11D3-BF4B-00C04F79EFBC}") = "OneWare.SourceControl", "src\OneWare.SourceControl\OneWare.SourceControl.csproj", "{EB5E9D9F-E3E7-4E19-83BF-41EDE282B6B7}"
EndProject
Project("{FAE04EC0-301F-11D3-BF4B-00C04F79EFBC}") = "OneWare.Demo.Browser", "demo\OneWare.Demo.Browser\OneWare.Demo.Browser.csproj", "{4BB8F95D-711C-4BA2-8E7D-A8E2AF37DD2E}"
EndProject
Project("{FAE04EC0-301F-11D3-BF4B-00C04F79EFBC}") = "OneWare.Demo.Desktop", "demo\OneWare.Demo.Desktop\OneWare.Demo.Desktop.csproj", "{420AB56D-4886-490A-BF50-F0ABBB92AD51}"
EndProject
Project("{2150E333-8FDC-42A3-9474-1A3956D46DE8}") = "props", "props", "{26CFC267-21D3-4965-B340-0CEB0138CBE5}"
	ProjectSection(SolutionItems) = preProject
		build\props\Avalonia.Desktop.props = build\props\Avalonia.Desktop.props
		build\props\Avalonia.Diagnostics.props = build\props\Avalonia.Diagnostics.props
		build\props\Avalonia.props = build\props\Avalonia.props
		build\props\Base.props = build\props\Base.props
		build\props\OneWare.Module.props = build\props\OneWare.Module.props
		build\props\Prism.Avalonia.props = build\props\Prism.Avalonia.props
		build\props\AvaloniaEdit.props = build\props\AvaloniaEdit.props
		build\props\Dock.Avalonia.Props = build\props\Dock.Avalonia.Props
		build\props\Avalonia.Xaml.Interactions.props = build\props\Avalonia.Xaml.Interactions.props
		build\props\OmniSharp.Extensions.Language.props = build\props\OmniSharp.Extensions.Language.props
		build\props\Markdown.Avalonia.props = build\props\Markdown.Avalonia.props
		build\props\RestSharp.props = build\props\RestSharp.props
	EndProjectSection
EndProject
Global
	GlobalSection(SolutionConfigurationPlatforms) = preSolution
		Debug|Any CPU = Debug|Any CPU
		Release|Any CPU = Release|Any CPU
	EndGlobalSection
	GlobalSection(ProjectConfigurationPlatforms) = postSolution
		{142377AB-78D8-429E-8403-C89CC8988C09}.Debug|Any CPU.ActiveCfg = Debug|Any CPU
		{142377AB-78D8-429E-8403-C89CC8988C09}.Debug|Any CPU.Build.0 = Debug|Any CPU
		{142377AB-78D8-429E-8403-C89CC8988C09}.Release|Any CPU.ActiveCfg = Release|Any CPU
		{142377AB-78D8-429E-8403-C89CC8988C09}.Release|Any CPU.Build.0 = Release|Any CPU
		{94FD4E60-346F-4B14-AB6D-A1B78DD39501}.Debug|Any CPU.ActiveCfg = Debug|Any CPU
		{94FD4E60-346F-4B14-AB6D-A1B78DD39501}.Debug|Any CPU.Build.0 = Debug|Any CPU
		{94FD4E60-346F-4B14-AB6D-A1B78DD39501}.Release|Any CPU.ActiveCfg = Release|Any CPU
		{94FD4E60-346F-4B14-AB6D-A1B78DD39501}.Release|Any CPU.Build.0 = Release|Any CPU
		{192886D3-6203-4AD9-9A44-E071A6AF3059}.Debug|Any CPU.ActiveCfg = Debug|Any CPU
		{192886D3-6203-4AD9-9A44-E071A6AF3059}.Debug|Any CPU.Build.0 = Debug|Any CPU
		{192886D3-6203-4AD9-9A44-E071A6AF3059}.Release|Any CPU.ActiveCfg = Release|Any CPU
		{192886D3-6203-4AD9-9A44-E071A6AF3059}.Release|Any CPU.Build.0 = Release|Any CPU
		{F08B36E8-AB80-42CD-BD47-6B05E96DA390}.Debug|Any CPU.ActiveCfg = Debug|Any CPU
		{F08B36E8-AB80-42CD-BD47-6B05E96DA390}.Debug|Any CPU.Build.0 = Debug|Any CPU
		{F08B36E8-AB80-42CD-BD47-6B05E96DA390}.Release|Any CPU.ActiveCfg = Release|Any CPU
		{F08B36E8-AB80-42CD-BD47-6B05E96DA390}.Release|Any CPU.Build.0 = Release|Any CPU
		{12BBB9B2-9CCC-44D2-9A0B-C1634C57C709}.Debug|Any CPU.ActiveCfg = Debug|Any CPU
		{12BBB9B2-9CCC-44D2-9A0B-C1634C57C709}.Debug|Any CPU.Build.0 = Debug|Any CPU
		{12BBB9B2-9CCC-44D2-9A0B-C1634C57C709}.Release|Any CPU.ActiveCfg = Release|Any CPU
		{12BBB9B2-9CCC-44D2-9A0B-C1634C57C709}.Release|Any CPU.Build.0 = Release|Any CPU
		{BC09D83D-9EE5-499F-BF2F-E811D2E1028D}.Debug|Any CPU.ActiveCfg = Debug|Any CPU
		{BC09D83D-9EE5-499F-BF2F-E811D2E1028D}.Debug|Any CPU.Build.0 = Debug|Any CPU
		{BC09D83D-9EE5-499F-BF2F-E811D2E1028D}.Release|Any CPU.ActiveCfg = Release|Any CPU
		{BC09D83D-9EE5-499F-BF2F-E811D2E1028D}.Release|Any CPU.Build.0 = Release|Any CPU
		{F40DC391-3EB3-43C9-9645-3E9509F85E8B}.Debug|Any CPU.ActiveCfg = Debug|Any CPU
		{F40DC391-3EB3-43C9-9645-3E9509F85E8B}.Debug|Any CPU.Build.0 = Debug|Any CPU
		{F40DC391-3EB3-43C9-9645-3E9509F85E8B}.Release|Any CPU.ActiveCfg = Release|Any CPU
		{F40DC391-3EB3-43C9-9645-3E9509F85E8B}.Release|Any CPU.Build.0 = Release|Any CPU
		{0109F726-EC7E-4665-99F5-AC14F42AD268}.Debug|Any CPU.ActiveCfg = Debug|Any CPU
		{0109F726-EC7E-4665-99F5-AC14F42AD268}.Debug|Any CPU.Build.0 = Debug|Any CPU
		{0109F726-EC7E-4665-99F5-AC14F42AD268}.Release|Any CPU.ActiveCfg = Release|Any CPU
		{0109F726-EC7E-4665-99F5-AC14F42AD268}.Release|Any CPU.Build.0 = Release|Any CPU
		{26C8F73A-21D7-48F2-94F3-87AEA35E7363}.Debug|Any CPU.ActiveCfg = Debug|Any CPU
		{26C8F73A-21D7-48F2-94F3-87AEA35E7363}.Debug|Any CPU.Build.0 = Debug|Any CPU
		{26C8F73A-21D7-48F2-94F3-87AEA35E7363}.Release|Any CPU.ActiveCfg = Release|Any CPU
		{26C8F73A-21D7-48F2-94F3-87AEA35E7363}.Release|Any CPU.Build.0 = Release|Any CPU
		{72255666-0FCD-4EA9-BB06-784BFDF833FF}.Debug|Any CPU.ActiveCfg = Debug|Any CPU
		{72255666-0FCD-4EA9-BB06-784BFDF833FF}.Debug|Any CPU.Build.0 = Debug|Any CPU
		{72255666-0FCD-4EA9-BB06-784BFDF833FF}.Release|Any CPU.ActiveCfg = Release|Any CPU
		{72255666-0FCD-4EA9-BB06-784BFDF833FF}.Release|Any CPU.Build.0 = Release|Any CPU
		{C10C91A9-60C1-45D0-891B-1F3A8525824F}.Debug|Any CPU.ActiveCfg = Debug|Any CPU
		{C10C91A9-60C1-45D0-891B-1F3A8525824F}.Debug|Any CPU.Build.0 = Debug|Any CPU
		{C10C91A9-60C1-45D0-891B-1F3A8525824F}.Release|Any CPU.ActiveCfg = Release|Any CPU
		{C10C91A9-60C1-45D0-891B-1F3A8525824F}.Release|Any CPU.Build.0 = Release|Any CPU
		{3FD14957-C946-49CB-9023-CCF5A113A650}.Debug|Any CPU.ActiveCfg = Debug|Any CPU
		{3FD14957-C946-49CB-9023-CCF5A113A650}.Debug|Any CPU.Build.0 = Debug|Any CPU
		{3FD14957-C946-49CB-9023-CCF5A113A650}.Release|Any CPU.ActiveCfg = Release|Any CPU
		{3FD14957-C946-49CB-9023-CCF5A113A650}.Release|Any CPU.Build.0 = Release|Any CPU
		{08F1D2B5-28A3-4B7C-BD22-6279C70246A0}.Debug|Any CPU.ActiveCfg = Debug|Any CPU
		{08F1D2B5-28A3-4B7C-BD22-6279C70246A0}.Debug|Any CPU.Build.0 = Debug|Any CPU
		{08F1D2B5-28A3-4B7C-BD22-6279C70246A0}.Release|Any CPU.ActiveCfg = Release|Any CPU
		{08F1D2B5-28A3-4B7C-BD22-6279C70246A0}.Release|Any CPU.Build.0 = Release|Any CPU
		{FA5D65B7-7396-4FAE-9761-AAD3664011B6}.Debug|Any CPU.ActiveCfg = Debug|Any CPU
		{FA5D65B7-7396-4FAE-9761-AAD3664011B6}.Debug|Any CPU.Build.0 = Debug|Any CPU
		{FA5D65B7-7396-4FAE-9761-AAD3664011B6}.Release|Any CPU.ActiveCfg = Release|Any CPU
		{FA5D65B7-7396-4FAE-9761-AAD3664011B6}.Release|Any CPU.Build.0 = Release|Any CPU
		{179D85B4-9E7B-4E1A-B4FE-0B26B8A7E686}.Debug|Any CPU.ActiveCfg = Debug|Any CPU
		{179D85B4-9E7B-4E1A-B4FE-0B26B8A7E686}.Debug|Any CPU.Build.0 = Debug|Any CPU
		{179D85B4-9E7B-4E1A-B4FE-0B26B8A7E686}.Release|Any CPU.ActiveCfg = Release|Any CPU
		{179D85B4-9E7B-4E1A-B4FE-0B26B8A7E686}.Release|Any CPU.Build.0 = Release|Any CPU
		{A6F70032-6074-4624-B96B-E2B0A68CA18F}.Debug|Any CPU.ActiveCfg = Debug|Any CPU
		{A6F70032-6074-4624-B96B-E2B0A68CA18F}.Debug|Any CPU.Build.0 = Debug|Any CPU
		{A6F70032-6074-4624-B96B-E2B0A68CA18F}.Release|Any CPU.ActiveCfg = Release|Any CPU
		{A6F70032-6074-4624-B96B-E2B0A68CA18F}.Release|Any CPU.Build.0 = Release|Any CPU
		{EB5E9D9F-E3E7-4E19-83BF-41EDE282B6B7}.Debug|Any CPU.ActiveCfg = Debug|Any CPU
		{EB5E9D9F-E3E7-4E19-83BF-41EDE282B6B7}.Debug|Any CPU.Build.0 = Debug|Any CPU
		{EB5E9D9F-E3E7-4E19-83BF-41EDE282B6B7}.Release|Any CPU.ActiveCfg = Release|Any CPU
		{EB5E9D9F-E3E7-4E19-83BF-41EDE282B6B7}.Release|Any CPU.Build.0 = Release|Any CPU
		{4BB8F95D-711C-4BA2-8E7D-A8E2AF37DD2E}.Debug|Any CPU.ActiveCfg = Debug|Any CPU
		{4BB8F95D-711C-4BA2-8E7D-A8E2AF37DD2E}.Debug|Any CPU.Build.0 = Debug|Any CPU
		{4BB8F95D-711C-4BA2-8E7D-A8E2AF37DD2E}.Release|Any CPU.ActiveCfg = Release|Any CPU
		{4BB8F95D-711C-4BA2-8E7D-A8E2AF37DD2E}.Release|Any CPU.Build.0 = Release|Any CPU
		{420AB56D-4886-490A-BF50-F0ABBB92AD51}.Debug|Any CPU.ActiveCfg = Debug|Any CPU
		{420AB56D-4886-490A-BF50-F0ABBB92AD51}.Debug|Any CPU.Build.0 = Debug|Any CPU
		{420AB56D-4886-490A-BF50-F0ABBB92AD51}.Release|Any CPU.ActiveCfg = Release|Any CPU
		{420AB56D-4886-490A-BF50-F0ABBB92AD51}.Release|Any CPU.Build.0 = Release|Any CPU
	EndGlobalSection
	GlobalSection(NestedProjects) = preSolution
		{192886D3-6203-4AD9-9A44-E071A6AF3059} = {B99724E4-1AA2-46D9-B982-6A3B381C5258}
		{F08B36E8-AB80-42CD-BD47-6B05E96DA390} = {0761690C-7DA0-4554-9F6B-211088412DCD}
		{12BBB9B2-9CCC-44D2-9A0B-C1634C57C709} = {0761690C-7DA0-4554-9F6B-211088412DCD}
		{BC09D83D-9EE5-499F-BF2F-E811D2E1028D} = {0761690C-7DA0-4554-9F6B-211088412DCD}
		{F40DC391-3EB3-43C9-9645-3E9509F85E8B} = {0761690C-7DA0-4554-9F6B-211088412DCD}
		{0109F726-EC7E-4665-99F5-AC14F42AD268} = {0761690C-7DA0-4554-9F6B-211088412DCD}
		{26C8F73A-21D7-48F2-94F3-87AEA35E7363} = {0761690C-7DA0-4554-9F6B-211088412DCD}
		{09A7F503-8517-4D41-A396-C193931636A4} = {0761690C-7DA0-4554-9F6B-211088412DCD}
		{72255666-0FCD-4EA9-BB06-784BFDF833FF} = {09A7F503-8517-4D41-A396-C193931636A4}
		{C10C91A9-60C1-45D0-891B-1F3A8525824F} = {09A7F503-8517-4D41-A396-C193931636A4}
		{3FD14957-C946-49CB-9023-CCF5A113A650} = {09A7F503-8517-4D41-A396-C193931636A4}
		{08F1D2B5-28A3-4B7C-BD22-6279C70246A0} = {09A7F503-8517-4D41-A396-C193931636A4}
		{DB8BEF56-1C1D-4B6E-9A1C-6BABCD87EEEA} = {6FF7E7F6-DA3F-477E-AAD7-47E3655FA34D}
		{179D85B4-9E7B-4E1A-B4FE-0B26B8A7E686} = {DB8BEF56-1C1D-4B6E-9A1C-6BABCD87EEEA}
		{A6F70032-6074-4624-B96B-E2B0A68CA18F} = {DB8BEF56-1C1D-4B6E-9A1C-6BABCD87EEEA}
		{EB5E9D9F-E3E7-4E19-83BF-41EDE282B6B7} = {0761690C-7DA0-4554-9F6B-211088412DCD}
		{26CFC267-21D3-4965-B340-0CEB0138CBE5} = {3782EFDF-2990-4B2C-907F-12739A839A3C}
	EndGlobalSection
EndGlobal
